PODS:
  - biometric_storage (0.0.1):
    - FlutterMacOS
  - FlutterMacOS (1.0.0)
  - path_provider_foundation (0.0.1):
    - Flutter
    - FlutterMacOS
  - shared_preferences_foundation (0.0.1):
    - Flutter
    - FlutterMacOS
  - starknet_flutter (0.0.1):
    - FlutterMacOS

DEPENDENCIES:
  - biometric_storage (from `Flutter/ephemeral/.symlinks/plugins/biometric_storage/macos`)
  - FlutterMacOS (from `Flutter/ephemeral`)
  - path_provider_foundation (from `Flutter/ephemeral/.symlinks/plugins/path_provider_foundation/macos`)
  - shared_preferences_foundation (from `Flutter/ephemeral/.symlinks/plugins/shared_preferences_foundation/macos`)
  - starknet_flutter (from `Flutter/ephemeral/.symlinks/plugins/starknet_flutter/macos`)

EXTERNAL SOURCES:
  biometric_storage:
    :path: Flutter/ephemeral/.symlinks/plugins/biometric_storage/macos
  FlutterMacOS:
    :path: Flutter/ephemeral
  path_provider_foundation:
    :path: Flutter/ephemeral/.symlinks/plugins/path_provider_foundation/macos
  shared_preferences_foundation:
    :path: Flutter/ephemeral/.symlinks/plugins/shared_preferences_foundation/macos
  starknet_flutter:
    :path: Flutter/ephemeral/.symlinks/plugins/starknet_flutter/macos

SPEC CHECKSUMS:
  biometric_storage: 43caa6e7ef00e8e19c074216e7e1786dacda9e76
  FlutterMacOS: 8f6f14fa908a6fb3fba0cd85dbd81ec4b251fb24
  path_provider_foundation: c68054786f1b4f3343858c1e1d0caaded73f0be9
  shared_preferences_foundation: 297b3ebca31b34ec92be11acd7fb0ba932c822ca
  starknet_flutter: d1af7f5538e412c8d89472675f94bafefdca6029

PODFILE CHECKSUM: 353c8bcc5d5b0994e508d035b5431cfe18c1dea7

COCOAPODS: 1.11.3
